
Microsoft Visual Studio Solution File, Format Version 12.00
# Visual Studio Version 17
VisualStudioVersion = 17.0.31903.59
MinimumVisualStudioVersion = 10.0.40219.1
Project("{2150E333-8FDC-42A3-9474-1A3956D46DE8}") = "src", "src", "{9D88B430-517C-4174-833E-4C1FAF6A5665}"
EndProject
Project("{2150E333-8FDC-42A3-9474-1A3956D46DE8}") = "simple", "simple", "{5F6BACEA-2C97-4848-A058-CF2F9BBDCD04}"
EndProject
Project("{2150E333-8FDC-42A3-9474-1A3956D46DE8}") = "test", "test", "{A38CCFFC-8ABF-4817-9961-621F39BA6470}"
EndProject
Project("{9A19103F-16F7-4668-BE54-9A1E7A4F7556}") = "EasyModular", "src\EasyModular\EasyModular.csproj", "{3EE32F25-0859-46E6-82D6-ACD0BE9F58F2}"
EndProject
Project("{9A19103F-16F7-4668-BE54-9A1E7A4F7556}") = "EasyModular.Swagger", "src\EasyModular.Swagger\EasyModular.Swagger.csproj", "{3364BA3D-8AFB-4D4D-B165-68C367B589F5}"
EndProject
Project("{9A19103F-16F7-4668-BE54-9A1E7A4F7556}") = "EasyModular.Auth", "src\EasyModular.Auth\EasyModular.Auth.csproj", "{E4ACA3C0-B8D4-40C4-A432-189738AE19EF}"
EndProject
Project("{9A19103F-16F7-4668-BE54-9A1E7A4F7556}") = "EasyModular.Serilog", "src\EasyModular.Serilog\EasyModular.Serilog.csproj", "{8A416138-8199-45E2-86CE-0E14CE37A62F}"
EndProject
Project("{9A19103F-16F7-4668-BE54-9A1E7A4F7556}") = "EasyModular.Cache", "src\EasyModular.Cache\EasyModular.Cache.csproj", "{4E947375-CC0D-4117-B71F-B5EC1613C7A4}"
EndProject
Project("{9A19103F-16F7-4668-BE54-9A1E7A4F7556}") = "EasyModular.AutoMapper", "src\EasyModular.AutoMapper\EasyModular.AutoMapper.csproj", "{0682E7CA-C744-4EE4-8BAD-CD809969D7EB}"
EndProject
Project("{9A19103F-16F7-4668-BE54-9A1E7A4F7556}") = "EasyModular.FluentValidation", "src\EasyModular.FluentValidation\EasyModular.FluentValidation.csproj", "{64D4BD43-3AA2-4564-89B2-B37BDE9B9291}"
EndProject
Project("{9A19103F-16F7-4668-BE54-9A1E7A4F7556}") = "EasyModular.Utils", "src\EasyModular.Utils\EasyModular.Utils.csproj", "{E98FA2BC-1581-49C2-8AD5-B5163BF217BF}"
EndProject
Project("{9A19103F-16F7-4668-BE54-9A1E7A4F7556}") = "EasyModular.SqlSugar", "src\EasyModular.SqlSugar\EasyModular.SqlSugar.csproj", "{4454DA21-000A-43F9-8BEB-2DE3550441B1}"
EndProject
Project("{9A19103F-16F7-4668-BE54-9A1E7A4F7556}") = "EasyModular.SqlSugar.Test", "test\EasyModular.SqlSugar.Test\EasyModular.SqlSugar.Test.csproj", "{1C31EE21-F97E-4AE5-8F9C-58830AD5DB01}"
EndProject
Project("{2150E333-8FDC-42A3-9474-1A3956D46DE8}") = "01_Admin", "01_Admin", "{0F030DDB-D043-4D08-A53D-F7B1A7CD0602}"
EndProject
Project("{2150E333-8FDC-42A3-9474-1A3956D46DE8}") = "Web", "Web", "{4D4C90D2-690D-4038-97B2-89A18991F690}"
EndProject
Project("{2150E333-8FDC-42A3-9474-1A3956D46DE8}") = "Components", "Components", "{F7E0AD70-DFD2-4F73-9A69-DF6372B255F1}"
EndProject
Project("{9A19103F-16F7-4668-BE54-9A1E7A4F7556}") = "Demo.Admin.Application", "simple\01_Admin\Demo.Admin.Application\Demo.Admin.Application.csproj", "{3F3A17D0-0A20-4C76-B4F4-C102092D0482}"
EndProject
Project("{9A19103F-16F7-4668-BE54-9A1E7A4F7556}") = "Demo.Admin.Domain", "simple\01_Admin\Demo.Admin.Domain\Demo.Admin.Domain.csproj", "{78873BDA-FDBC-4077-989B-A8296D8C6FE4}"
EndProject
Project("{9A19103F-16F7-4668-BE54-9A1E7A4F7556}") = "Demo.Admin.Infrastructure", "simple\01_Admin\Demo.Admin.Infrastructure\Demo.Admin.Infrastructure.csproj", "{71254941-BB01-4D80-BD84-72AD4808808B}"
EndProject
Project("{2150E333-8FDC-42A3-9474-1A3956D46DE8}") = "代码生成", "代码生成", "{9BB265AB-25BA-4679-9C71-33211137375C}"
EndProject
Project("{FAE04EC0-301F-11D3-BF4B-00C04F79EFBC}") = "EasyModular.T4", "simple\EasyModular.T4\EasyModular.T4.csproj", "{DF9328EB-EEE8-48E1-BC32-F82463DF5475}"
EndProject
Project("{2150E333-8FDC-42A3-9474-1A3956D46DE8}") = "_WebHost", "_WebHost", "{3198821F-D46D-4F9C-AF25-5341A9AAC4B2}"
EndProject
Project("{9A19103F-16F7-4668-BE54-9A1E7A4F7556}") = "Demo.WebHost", "simple\00_Demo\Demo.WebHost.csproj", "{3332E43D-8108-45CE-A5FC-D5C15525C02B}"
EndProject
Project("{9A19103F-16F7-4668-BE54-9A1E7A4F7556}") = "EasyModular.Quartz", "src\EasyModular.Quartz\EasyModular.Quartz.csproj", "{4A668D11-B37B-460E-97CE-8EC7DEF411E1}"
EndProject
Project("{9A19103F-16F7-4668-BE54-9A1E7A4F7556}") = "Demo.Admin.Quartz", "simple\01_Admin\Demo.Admin.Quartz\Demo.Admin.Quartz.csproj", "{D59BA283-08FB-423F-A981-6A1E92C0382D}"
EndProject
Project("{2150E333-8FDC-42A3-9474-1A3956D46DE8}") = "02_Scheduling", "02_Scheduling", "{89E9AD44-B0A0-4758-B772-57C4D09B4C09}"
EndProject
Project("{2150E333-8FDC-42A3-9474-1A3956D46DE8}") = "Components", "Components", "{DBD27F49-2919-4D58-94C0-C52EAB70ED3E}"
EndProject
Project("{2150E333-8FDC-42A3-9474-1A3956D46DE8}") = "Web", "Web", "{CEC4AC9B-C12F-48C3-99DA-A4B233E5FE89}"
EndProject
Project("{9A19103F-16F7-4668-BE54-9A1E7A4F7556}") = "Demo.Admin.Web", "simple\01_Admin\Demo.Admin.Web\Demo.Admin.Web.csproj", "{4B312D4B-E4C8-4F76-8DBF-725BE079026F}"
EndProject
Project("{9A19103F-16F7-4668-BE54-9A1E7A4F7556}") = "Demo.Scheduling.Application", "simple\02_Scheduling\Demo.Scheduling.Application\Demo.Scheduling.Application.csproj", "{9827F6FE-CC43-4D0E-936A-F78A538427CC}"
EndProject
Project("{9A19103F-16F7-4668-BE54-9A1E7A4F7556}") = "Demo.Scheduling.Domain", "simple\02_Scheduling\Demo.Scheduling.Domain\Demo.Scheduling.Domain.csproj", "{F3CD5C48-C0EC-4D5E-9E53-6179F169D3DE}"
EndProject
Project("{9A19103F-16F7-4668-BE54-9A1E7A4F7556}") = "Demo.Scheduling.Infrastructure", "simple\02_Scheduling\Demo.Scheduling.Infrastructure\Demo.Scheduling.Infrastructure.csproj", "{1FC3D741-D3B3-4FF5-91ED-0C0178995D16}"
EndProject
Project("{9A19103F-16F7-4668-BE54-9A1E7A4F7556}") = "Demo.Scheduling.Web", "simple\02_Scheduling\Demo.Scheduling.Api\Demo.Scheduling.Web.csproj", "{0147FD38-23C0-42D4-9B2B-CC0E21FADB76}"
EndProject
Global
	GlobalSection(SolutionConfigurationPlatforms) = preSolution
		Debug|Any CPU = Debug|Any CPU
		Release|Any CPU = Release|Any CPU
	EndGlobalSection
	GlobalSection(ProjectConfigurationPlatforms) = postSolution
		{3EE32F25-0859-46E6-82D6-ACD0BE9F58F2}.Debug|Any CPU.ActiveCfg = Debug|Any CPU
		{3EE32F25-0859-46E6-82D6-ACD0BE9F58F2}.Debug|Any CPU.Build.0 = Debug|Any CPU
		{3EE32F25-0859-46E6-82D6-ACD0BE9F58F2}.Release|Any CPU.ActiveCfg = Release|Any CPU
		{3EE32F25-0859-46E6-82D6-ACD0BE9F58F2}.Release|Any CPU.Build.0 = Release|Any CPU
		{3364BA3D-8AFB-4D4D-B165-68C367B589F5}.Debug|Any CPU.ActiveCfg = Debug|Any CPU
		{3364BA3D-8AFB-4D4D-B165-68C367B589F5}.Debug|Any CPU.Build.0 = Debug|Any CPU
		{3364BA3D-8AFB-4D4D-B165-68C367B589F5}.Release|Any CPU.ActiveCfg = Release|Any CPU
		{3364BA3D-8AFB-4D4D-B165-68C367B589F5}.Release|Any CPU.Build.0 = Release|Any CPU
		{E4ACA3C0-B8D4-40C4-A432-189738AE19EF}.Debug|Any CPU.ActiveCfg = Debug|Any CPU
		{E4ACA3C0-B8D4-40C4-A432-189738AE19EF}.Debug|Any CPU.Build.0 = Debug|Any CPU
		{E4ACA3C0-B8D4-40C4-A432-189738AE19EF}.Release|Any CPU.ActiveCfg = Release|Any CPU
		{E4ACA3C0-B8D4-40C4-A432-189738AE19EF}.Release|Any CPU.Build.0 = Release|Any CPU
		{8A416138-8199-45E2-86CE-0E14CE37A62F}.Debug|Any CPU.ActiveCfg = Debug|Any CPU
		{8A416138-8199-45E2-86CE-0E14CE37A62F}.Debug|Any CPU.Build.0 = Debug|Any CPU
		{8A416138-8199-45E2-86CE-0E14CE37A62F}.Release|Any CPU.ActiveCfg = Release|Any CPU
		{8A416138-8199-45E2-86CE-0E14CE37A62F}.Release|Any CPU.Build.0 = Release|Any CPU
		{4E947375-CC0D-4117-B71F-B5EC1613C7A4}.Debug|Any CPU.ActiveCfg = Debug|Any CPU
		{4E947375-CC0D-4117-B71F-B5EC1613C7A4}.Debug|Any CPU.Build.0 = Debug|Any CPU
		{4E947375-CC0D-4117-B71F-B5EC1613C7A4}.Release|Any CPU.ActiveCfg = Release|Any CPU
		{4E947375-CC0D-4117-B71F-B5EC1613C7A4}.Release|Any CPU.Build.0 = Release|Any CPU
		{0682E7CA-C744-4EE4-8BAD-CD809969D7EB}.Debug|Any CPU.ActiveCfg = Debug|Any CPU
		{0682E7CA-C744-4EE4-8BAD-CD809969D7EB}.Debug|Any CPU.Build.0 = Debug|Any CPU
		{0682E7CA-C744-4EE4-8BAD-CD809969D7EB}.Release|Any CPU.ActiveCfg = Release|Any CPU
		{0682E7CA-C744-4EE4-8BAD-CD809969D7EB}.Release|Any CPU.Build.0 = Release|Any CPU
		{64D4BD43-3AA2-4564-89B2-B37BDE9B9291}.Debug|Any CPU.ActiveCfg = Debug|Any CPU
		{64D4BD43-3AA2-4564-89B2-B37BDE9B9291}.Debug|Any CPU.Build.0 = Debug|Any CPU
		{64D4BD43-3AA2-4564-89B2-B37BDE9B9291}.Release|Any CPU.ActiveCfg = Release|Any CPU
		{64D4BD43-3AA2-4564-89B2-B37BDE9B9291}.Release|Any CPU.Build.0 = Release|Any CPU
		{E98FA2BC-1581-49C2-8AD5-B5163BF217BF}.Debug|Any CPU.ActiveCfg = Debug|Any CPU
		{E98FA2BC-1581-49C2-8AD5-B5163BF217BF}.Debug|Any CPU.Build.0 = Debug|Any CPU
		{E98FA2BC-1581-49C2-8AD5-B5163BF217BF}.Release|Any CPU.ActiveCfg = Release|Any CPU
		{E98FA2BC-1581-49C2-8AD5-B5163BF217BF}.Release|Any CPU.Build.0 = Release|Any CPU
		{4454DA21-000A-43F9-8BEB-2DE3550441B1}.Debug|Any CPU.ActiveCfg = Debug|Any CPU
		{4454DA21-000A-43F9-8BEB-2DE3550441B1}.Debug|Any CPU.Build.0 = Debug|Any CPU
		{4454DA21-000A-43F9-8BEB-2DE3550441B1}.Release|Any CPU.ActiveCfg = Release|Any CPU
		{4454DA21-000A-43F9-8BEB-2DE3550441B1}.Release|Any CPU.Build.0 = Release|Any CPU
		{1C31EE21-F97E-4AE5-8F9C-58830AD5DB01}.Debug|Any CPU.ActiveCfg = Debug|Any CPU
		{1C31EE21-F97E-4AE5-8F9C-58830AD5DB01}.Debug|Any CPU.Build.0 = Debug|Any CPU
		{1C31EE21-F97E-4AE5-8F9C-58830AD5DB01}.Release|Any CPU.ActiveCfg = Release|Any CPU
		{1C31EE21-F97E-4AE5-8F9C-58830AD5DB01}.Release|Any CPU.Build.0 = Release|Any CPU
		{3F3A17D0-0A20-4C76-B4F4-C102092D0482}.Debug|Any CPU.ActiveCfg = Debug|Any CPU
		{3F3A17D0-0A20-4C76-B4F4-C102092D0482}.Debug|Any CPU.Build.0 = Debug|Any CPU
		{3F3A17D0-0A20-4C76-B4F4-C102092D0482}.Release|Any CPU.ActiveCfg = Release|Any CPU
		{3F3A17D0-0A20-4C76-B4F4-C102092D0482}.Release|Any CPU.Build.0 = Release|Any CPU
		{78873BDA-FDBC-4077-989B-A8296D8C6FE4}.Debug|Any CPU.ActiveCfg = Debug|Any CPU
		{78873BDA-FDBC-4077-989B-A8296D8C6FE4}.Debug|Any CPU.Build.0 = Debug|Any CPU
		{78873BDA-FDBC-4077-989B-A8296D8C6FE4}.Release|Any CPU.ActiveCfg = Release|Any CPU
		{78873BDA-FDBC-4077-989B-A8296D8C6FE4}.Release|Any CPU.Build.0 = Release|Any CPU
		{71254941-BB01-4D80-BD84-72AD4808808B}.Debug|Any CPU.ActiveCfg = Debug|Any CPU
		{71254941-BB01-4D80-BD84-72AD4808808B}.Debug|Any CPU.Build.0 = Debug|Any CPU
		{71254941-BB01-4D80-BD84-72AD4808808B}.Release|Any CPU.ActiveCfg = Release|Any CPU
		{71254941-BB01-4D80-BD84-72AD4808808B}.Release|Any CPU.Build.0 = Release|Any CPU
		{DF9328EB-EEE8-48E1-BC32-F82463DF5475}.Debug|Any CPU.ActiveCfg = Debug|Any CPU
		{DF9328EB-EEE8-48E1-BC32-F82463DF5475}.Debug|Any CPU.Build.0 = Debug|Any CPU
		{DF9328EB-EEE8-48E1-BC32-F82463DF5475}.Release|Any CPU.ActiveCfg = Release|Any CPU
		{DF9328EB-EEE8-48E1-BC32-F82463DF5475}.Release|Any CPU.Build.0 = Release|Any CPU
		{3332E43D-8108-45CE-A5FC-D5C15525C02B}.Debug|Any CPU.ActiveCfg = Debug|Any CPU
		{3332E43D-8108-45CE-A5FC-D5C15525C02B}.Debug|Any CPU.Build.0 = Debug|Any CPU
		{3332E43D-8108-45CE-A5FC-D5C15525C02B}.Release|Any CPU.ActiveCfg = Release|Any CPU
		{3332E43D-8108-45CE-A5FC-D5C15525C02B}.Release|Any CPU.Build.0 = Release|Any CPU
		{4A668D11-B37B-460E-97CE-8EC7DEF411E1}.Debug|Any CPU.ActiveCfg = Debug|Any CPU
		{4A668D11-B37B-460E-97CE-8EC7DEF411E1}.Debug|Any CPU.Build.0 = Debug|Any CPU
		{4A668D11-B37B-460E-97CE-8EC7DEF411E1}.Release|Any CPU.ActiveCfg = Release|Any CPU
		{4A668D11-B37B-460E-97CE-8EC7DEF411E1}.Release|Any CPU.Build.0 = Release|Any CPU
		{D59BA283-08FB-423F-A981-6A1E92C0382D}.Debug|Any CPU.ActiveCfg = Debug|Any CPU
		{D59BA283-08FB-423F-A981-6A1E92C0382D}.Debug|Any CPU.Build.0 = Debug|Any CPU
		{D59BA283-08FB-423F-A981-6A1E92C0382D}.Release|Any CPU.ActiveCfg = Release|Any CPU
		{D59BA283-08FB-423F-A981-6A1E92C0382D}.Release|Any CPU.Build.0 = Release|Any CPU
		{4B312D4B-E4C8-4F76-8DBF-725BE079026F}.Debug|Any CPU.ActiveCfg = Debug|Any CPU
		{4B312D4B-E4C8-4F76-8DBF-725BE079026F}.Debug|Any CPU.Build.0 = Debug|Any CPU
		{4B312D4B-E4C8-4F76-8DBF-725BE079026F}.Release|Any CPU.ActiveCfg = Release|Any CPU
		{4B312D4B-E4C8-4F76-8DBF-725BE079026F}.Release|Any CPU.Build.0 = Release|Any CPU
		{9827F6FE-CC43-4D0E-936A-F78A538427CC}.Debug|Any CPU.ActiveCfg = Debug|Any CPU
		{9827F6FE-CC43-4D0E-936A-F78A538427CC}.Debug|Any CPU.Build.0 = Debug|Any CPU
		{9827F6FE-CC43-4D0E-936A-F78A538427CC}.Release|Any CPU.ActiveCfg = Release|Any CPU
		{9827F6FE-CC43-4D0E-936A-F78A538427CC}.Release|Any CPU.Build.0 = Release|Any CPU
		{F3CD5C48-C0EC-4D5E-9E53-6179F169D3DE}.Debug|Any CPU.ActiveCfg = Debug|Any CPU
		{F3CD5C48-C0EC-4D5E-9E53-6179F169D3DE}.Debug|Any CPU.Build.0 = Debug|Any CPU
		{F3CD5C48-C0EC-4D5E-9E53-6179F169D3DE}.Release|Any CPU.ActiveCfg = Release|Any CPU
		{F3CD5C48-C0EC-4D5E-9E53-6179F169D3DE}.Release|Any CPU.Build.0 = Release|Any CPU
		{1FC3D741-D3B3-4FF5-91ED-0C0178995D16}.Debug|Any CPU.ActiveCfg = Debug|Any CPU
		{1FC3D741-D3B3-4FF5-91ED-0C0178995D16}.Debug|Any CPU.Build.0 = Debug|Any CPU
		{1FC3D741-D3B3-4FF5-91ED-0C0178995D16}.Release|Any CPU.ActiveCfg = Release|Any CPU
		{1FC3D741-D3B3-4FF5-91ED-0C0178995D16}.Release|Any CPU.Build.0 = Release|Any CPU
		{0147FD38-23C0-42D4-9B2B-CC0E21FADB76}.Debug|Any CPU.ActiveCfg = Debug|Any CPU
		{0147FD38-23C0-42D4-9B2B-CC0E21FADB76}.Debug|Any CPU.Build.0 = Debug|Any CPU
		{0147FD38-23C0-42D4-9B2B-CC0E21FADB76}.Release|Any CPU.ActiveCfg = Release|Any CPU
		{0147FD38-23C0-42D4-9B2B-CC0E21FADB76}.Release|Any CPU.Build.0 = Release|Any CPU
	EndGlobalSection
	GlobalSection(SolutionProperties) = preSolution
		HideSolutionNode = FALSE
	EndGlobalSection
	GlobalSection(NestedProjects) = preSolution
		{3EE32F25-0859-46E6-82D6-ACD0BE9F58F2} = {9D88B430-517C-4174-833E-4C1FAF6A5665}
		{3364BA3D-8AFB-4D4D-B165-68C367B589F5} = {9D88B430-517C-4174-833E-4C1FAF6A5665}
		{E4ACA3C0-B8D4-40C4-A432-189738AE19EF} = {9D88B430-517C-4174-833E-4C1FAF6A5665}
		{8A416138-8199-45E2-86CE-0E14CE37A62F} = {9D88B430-517C-4174-833E-4C1FAF6A5665}
		{4E947375-CC0D-4117-B71F-B5EC1613C7A4} = {9D88B430-517C-4174-833E-4C1FAF6A5665}
		{0682E7CA-C744-4EE4-8BAD-CD809969D7EB} = {9D88B430-517C-4174-833E-4C1FAF6A5665}
		{64D4BD43-3AA2-4564-89B2-B37BDE9B9291} = {9D88B430-517C-4174-833E-4C1FAF6A5665}
		{E98FA2BC-1581-49C2-8AD5-B5163BF217BF} = {9D88B430-517C-4174-833E-4C1FAF6A5665}
		{4454DA21-000A-43F9-8BEB-2DE3550441B1} = {9D88B430-517C-4174-833E-4C1FAF6A5665}
		{1C31EE21-F97E-4AE5-8F9C-58830AD5DB01} = {A38CCFFC-8ABF-4817-9961-621F39BA6470}
		{0F030DDB-D043-4D08-A53D-F7B1A7CD0602} = {5F6BACEA-2C97-4848-A058-CF2F9BBDCD04}
		{4D4C90D2-690D-4038-97B2-89A18991F690} = {0F030DDB-D043-4D08-A53D-F7B1A7CD0602}
		{F7E0AD70-DFD2-4F73-9A69-DF6372B255F1} = {0F030DDB-D043-4D08-A53D-F7B1A7CD0602}
		{3F3A17D0-0A20-4C76-B4F4-C102092D0482} = {F7E0AD70-DFD2-4F73-9A69-DF6372B255F1}
		{78873BDA-FDBC-4077-989B-A8296D8C6FE4} = {F7E0AD70-DFD2-4F73-9A69-DF6372B255F1}
		{71254941-BB01-4D80-BD84-72AD4808808B} = {F7E0AD70-DFD2-4F73-9A69-DF6372B255F1}
		{9BB265AB-25BA-4679-9C71-33211137375C} = {5F6BACEA-2C97-4848-A058-CF2F9BBDCD04}
		{DF9328EB-EEE8-48E1-BC32-F82463DF5475} = {9BB265AB-25BA-4679-9C71-33211137375C}
		{3198821F-D46D-4F9C-AF25-5341A9AAC4B2} = {5F6BACEA-2C97-4848-A058-CF2F9BBDCD04}
		{3332E43D-8108-45CE-A5FC-D5C15525C02B} = {3198821F-D46D-4F9C-AF25-5341A9AAC4B2}
		{4A668D11-B37B-460E-97CE-8EC7DEF411E1} = {9D88B430-517C-4174-833E-4C1FAF6A5665}
		{D59BA283-08FB-423F-A981-6A1E92C0382D} = {F7E0AD70-DFD2-4F73-9A69-DF6372B255F1}
		{89E9AD44-B0A0-4758-B772-57C4D09B4C09} = {5F6BACEA-2C97-4848-A058-CF2F9BBDCD04}
		{DBD27F49-2919-4D58-94C0-C52EAB70ED3E} = {89E9AD44-B0A0-4758-B772-57C4D09B4C09}
		{CEC4AC9B-C12F-48C3-99DA-A4B233E5FE89} = {89E9AD44-B0A0-4758-B772-57C4D09B4C09}
		{4B312D4B-E4C8-4F76-8DBF-725BE079026F} = {4D4C90D2-690D-4038-97B2-89A18991F690}
		{9827F6FE-CC43-4D0E-936A-F78A538427CC} = {DBD27F49-2919-4D58-94C0-C52EAB70ED3E}
		{F3CD5C48-C0EC-4D5E-9E53-6179F169D3DE} = {DBD27F49-2919-4D58-94C0-C52EAB70ED3E}
		{1FC3D741-D3B3-4FF5-91ED-0C0178995D16} = {DBD27F49-2919-4D58-94C0-C52EAB70ED3E}
		{0147FD38-23C0-42D4-9B2B-CC0E21FADB76} = {CEC4AC9B-C12F-48C3-99DA-A4B233E5FE89}
	EndGlobalSection
	GlobalSection(ExtensibilityGlobals) = postSolution
		SolutionGuid = {0C0075BC-5623-4433-B9EF-E2366BDA46EF}
	EndGlobalSection
EndGlobal
