
Microsoft Visual Studio Solution File, Format Version 12.00
# Visual Studio Version 16
VisualStudioVersion = 16.0.29806.167
MinimumVisualStudioVersion = 10.0.40219.1
Project("{2150E333-8FDC-42A3-9474-1A3956D46DE8}") = "src", "src", "{9D88B430-517C-4174-833E-4C1FAF6A5665}"
EndProject
Project("{2150E333-8FDC-42A3-9474-1A3956D46DE8}") = "simple", "simple", "{5F6BACEA-2C97-4848-A058-CF2F9BBDCD04}"
EndProject
Project("{2150E333-8FDC-42A3-9474-1A3956D46DE8}") = "test", "test", "{A38CCFFC-8ABF-4817-9961-621F39BA6470}"
EndProject
Project("{9A19103F-16F7-4668-BE54-9A1E7A4F7556}") = "EasyModular", "src\EasyModular\EasyModular.csproj", "{3EE32F25-0859-46E6-82D6-ACD0BE9F58F2}"
EndProject
Project("{9A19103F-16F7-4668-BE54-9A1E7A4F7556}") = "EasyModular.Swagger", "src\EasyModular.Swagger\EasyModular.Swagger.csproj", "{3364BA3D-8AFB-4D4D-B165-68C367B589F5}"
EndProject
Project("{9A19103F-16F7-4668-BE54-9A1E7A4F7556}") = "EasyModular.Auth", "src\EasyModular.Auth\EasyModular.Auth.csproj", "{E4ACA3C0-B8D4-40C4-A432-189738AE19EF}"
EndProject
Project("{9A19103F-16F7-4668-BE54-9A1E7A4F7556}") = "EasyModular.Serilog", "src\EasyModular.Serilog\EasyModular.Serilog.csproj", "{8A416138-8199-45E2-86CE-0E14CE37A62F}"
EndProject
Project("{9A19103F-16F7-4668-BE54-9A1E7A4F7556}") = "EasyModular.Cache", "src\EasyModular.Cache\EasyModular.Cache.csproj", "{4E947375-CC0D-4117-B71F-B5EC1613C7A4}"
EndProject
Project("{9A19103F-16F7-4668-BE54-9A1E7A4F7556}") = "EasyModular.AutoMapper", "src\EasyModular.AutoMapper\EasyModular.AutoMapper.csproj", "{0682E7CA-C744-4EE4-8BAD-CD809969D7EB}"
EndProject
Project("{9A19103F-16F7-4668-BE54-9A1E7A4F7556}") = "EasyModular.FluentValidation", "src\EasyModular.FluentValidation\EasyModular.FluentValidation.csproj", "{64D4BD43-3AA2-4564-89B2-B37BDE9B9291}"
EndProject
Project("{9A19103F-16F7-4668-BE54-9A1E7A4F7556}") = "EasyModular.Utils", "src\EasyModular.Utils\EasyModular.Utils.csproj", "{E98FA2BC-1581-49C2-8AD5-B5163BF217BF}"
EndProject
Project("{9A19103F-16F7-4668-BE54-9A1E7A4F7556}") = "EasyModular.SqlSugar", "src\EasyModular.SqlSugar\EasyModular.SqlSugar.csproj", "{4454DA21-000A-43F9-8BEB-2DE3550441B1}"
EndProject
Project("{9A19103F-16F7-4668-BE54-9A1E7A4F7556}") = "EasyModular.Jwt", "src\EasyModular.Jwt\EasyModular.Jwt.csproj", "{4F6C14AD-0C08-41CD-9000-98D362FFFD23}"
EndProject
Project("{2150E333-8FDC-42A3-9474-1A3956D46DE8}") = "ModularA", "ModularA", "{422C4079-0FAF-496B-95B1-DA2E90AABB3F}"
EndProject
Project("{2150E333-8FDC-42A3-9474-1A3956D46DE8}") = "ModularB", "ModularB", "{D0242E41-900C-41F8-8569-934F6EF178EE}"
EndProject
Project("{2150E333-8FDC-42A3-9474-1A3956D46DE8}") = "_Demo", "_Demo", "{53629A95-0C15-4591-913B-17769BC2CC69}"
EndProject
Project("{2150E333-8FDC-42A3-9474-1A3956D46DE8}") = "01_WebHost", "01_WebHost", "{4651D293-2F70-4508-B588-91BF750AB9FF}"
EndProject
Project("{2150E333-8FDC-42A3-9474-1A3956D46DE8}") = "02_WebApi", "02_WebApi", "{D1C4CA29-163D-4DAA-8173-5B073C91075B}"
EndProject
Project("{2150E333-8FDC-42A3-9474-1A3956D46DE8}") = "03_Components", "03_Components", "{AD5F9BB9-D0B2-4D1F-8171-9600B8BEACC1}"
EndProject
Project("{2150E333-8FDC-42A3-9474-1A3956D46DE8}") = "03_Components", "03_Components", "{094C631A-3046-44A3-A46C-E6E72E8CDD76}"
EndProject
Project("{2150E333-8FDC-42A3-9474-1A3956D46DE8}") = "01_WebHost", "01_WebHost", "{62DE3921-AD13-43F8-85AF-1521B9C53348}"
EndProject
Project("{2150E333-8FDC-42A3-9474-1A3956D46DE8}") = "02_WebApi", "02_WebApi", "{01A255FB-D020-4076-ACC9-12E98E1B5B78}"
EndProject
Project("{9A19103F-16F7-4668-BE54-9A1E7A4F7556}") = "Demo.ModularA.WebHost", "simple\ModularA\Demo.ModularA.WebHost\Demo.ModularA.WebHost.csproj", "{6BFE18D9-4634-4DC6-B3DF-6FCEEAF27BA6}"
EndProject
Project("{9A19103F-16F7-4668-BE54-9A1E7A4F7556}") = "Demo.ModularA.Api", "simple\ModularA\Demo.ModularA.Api\Demo.ModularA.Api.csproj", "{7F75E0CE-570B-42C1-B72F-A63C31F01ADA}"
EndProject
Project("{9A19103F-16F7-4668-BE54-9A1E7A4F7556}") = "Demo.ModularA.Application", "simple\ModularA\Demo.ModularA.Application\Demo.ModularA.Application.csproj", "{0C0AD7B4-BC1C-4DF3-81C0-9B5C9DB016E2}"
EndProject
Project("{9A19103F-16F7-4668-BE54-9A1E7A4F7556}") = "Demo.ModularA.Infrastructure", "simple\ModularA\Demo.ModularA.Infrastructure\Demo.ModularA.Infrastructure.csproj", "{5FF9F084-8EF3-46B2-AD20-7F0C7309476D}"
EndProject
Project("{9A19103F-16F7-4668-BE54-9A1E7A4F7556}") = "Demo.ModularB.WebHost", "simple\ModularB\Demo.ModularB.WebHost\Demo.ModularB.WebHost.csproj", "{06A281BC-0FB6-4551-A4B6-1DB100EE9780}"
EndProject
Project("{9A19103F-16F7-4668-BE54-9A1E7A4F7556}") = "Demo.ModularB.Api", "simple\ModularB\Demo.ModularB.Api\Demo.ModularB.Api.csproj", "{14AF42A2-0A56-40D8-A45E-8BC5A1181FC8}"
EndProject
Project("{9A19103F-16F7-4668-BE54-9A1E7A4F7556}") = "Demo.ModularB.Application", "simple\ModularB\Demo.ModularB.Application\Demo.ModularB.Application.csproj", "{1C0B320F-EB87-42B3-8CA3-FB55755D3CFA}"
EndProject
Project("{9A19103F-16F7-4668-BE54-9A1E7A4F7556}") = "Demo.ModularB.Domain", "simple\ModularB\Demo.ModularB.Domain\Demo.ModularB.Domain.csproj", "{640E065B-A05F-4DAD-ADD7-84DE96C25367}"
EndProject
Project("{9A19103F-16F7-4668-BE54-9A1E7A4F7556}") = "Demo.ModularB.Infrastructure", "simple\ModularB\Demo.ModularB.Infrastructure\Demo.ModularB.Infrastructure.csproj", "{95FC9D25-C607-4286-92C4-D89888A35419}"
EndProject
Project("{9A19103F-16F7-4668-BE54-9A1E7A4F7556}") = "Demo", "simple\_Demo\Demo\Demo.csproj", "{5D926834-EB34-4727-9920-A98B6B6344D1}"
EndProject
Project("{9A19103F-16F7-4668-BE54-9A1E7A4F7556}") = "Demo.ModularA.Domain", "simple\ModularA\Demo.ModularA.Domain\Demo.ModularA.Domain.csproj", "{BC3943A0-493D-4F07-923F-312A1D4F7FF4}"
EndProject
Global
	GlobalSection(SolutionConfigurationPlatforms) = preSolution
		Debug|Any CPU = Debug|Any CPU
		Release|Any CPU = Release|Any CPU
	EndGlobalSection
	GlobalSection(ProjectConfigurationPlatforms) = postSolution
		{3EE32F25-0859-46E6-82D6-ACD0BE9F58F2}.Debug|Any CPU.ActiveCfg = Debug|Any CPU
		{3EE32F25-0859-46E6-82D6-ACD0BE9F58F2}.Debug|Any CPU.Build.0 = Debug|Any CPU
		{3EE32F25-0859-46E6-82D6-ACD0BE9F58F2}.Release|Any CPU.ActiveCfg = Release|Any CPU
		{3EE32F25-0859-46E6-82D6-ACD0BE9F58F2}.Release|Any CPU.Build.0 = Release|Any CPU
		{3364BA3D-8AFB-4D4D-B165-68C367B589F5}.Debug|Any CPU.ActiveCfg = Debug|Any CPU
		{3364BA3D-8AFB-4D4D-B165-68C367B589F5}.Debug|Any CPU.Build.0 = Debug|Any CPU
		{3364BA3D-8AFB-4D4D-B165-68C367B589F5}.Release|Any CPU.ActiveCfg = Release|Any CPU
		{3364BA3D-8AFB-4D4D-B165-68C367B589F5}.Release|Any CPU.Build.0 = Release|Any CPU
		{E4ACA3C0-B8D4-40C4-A432-189738AE19EF}.Debug|Any CPU.ActiveCfg = Debug|Any CPU
		{E4ACA3C0-B8D4-40C4-A432-189738AE19EF}.Debug|Any CPU.Build.0 = Debug|Any CPU
		{E4ACA3C0-B8D4-40C4-A432-189738AE19EF}.Release|Any CPU.ActiveCfg = Release|Any CPU
		{E4ACA3C0-B8D4-40C4-A432-189738AE19EF}.Release|Any CPU.Build.0 = Release|Any CPU
		{8A416138-8199-45E2-86CE-0E14CE37A62F}.Debug|Any CPU.ActiveCfg = Debug|Any CPU
		{8A416138-8199-45E2-86CE-0E14CE37A62F}.Debug|Any CPU.Build.0 = Debug|Any CPU
		{8A416138-8199-45E2-86CE-0E14CE37A62F}.Release|Any CPU.ActiveCfg = Release|Any CPU
		{8A416138-8199-45E2-86CE-0E14CE37A62F}.Release|Any CPU.Build.0 = Release|Any CPU
		{4E947375-CC0D-4117-B71F-B5EC1613C7A4}.Debug|Any CPU.ActiveCfg = Debug|Any CPU
		{4E947375-CC0D-4117-B71F-B5EC1613C7A4}.Debug|Any CPU.Build.0 = Debug|Any CPU
		{4E947375-CC0D-4117-B71F-B5EC1613C7A4}.Release|Any CPU.ActiveCfg = Release|Any CPU
		{4E947375-CC0D-4117-B71F-B5EC1613C7A4}.Release|Any CPU.Build.0 = Release|Any CPU
		{0682E7CA-C744-4EE4-8BAD-CD809969D7EB}.Debug|Any CPU.ActiveCfg = Debug|Any CPU
		{0682E7CA-C744-4EE4-8BAD-CD809969D7EB}.Debug|Any CPU.Build.0 = Debug|Any CPU
		{0682E7CA-C744-4EE4-8BAD-CD809969D7EB}.Release|Any CPU.ActiveCfg = Release|Any CPU
		{0682E7CA-C744-4EE4-8BAD-CD809969D7EB}.Release|Any CPU.Build.0 = Release|Any CPU
		{64D4BD43-3AA2-4564-89B2-B37BDE9B9291}.Debug|Any CPU.ActiveCfg = Debug|Any CPU
		{64D4BD43-3AA2-4564-89B2-B37BDE9B9291}.Debug|Any CPU.Build.0 = Debug|Any CPU
		{64D4BD43-3AA2-4564-89B2-B37BDE9B9291}.Release|Any CPU.ActiveCfg = Release|Any CPU
		{64D4BD43-3AA2-4564-89B2-B37BDE9B9291}.Release|Any CPU.Build.0 = Release|Any CPU
		{E98FA2BC-1581-49C2-8AD5-B5163BF217BF}.Debug|Any CPU.ActiveCfg = Debug|Any CPU
		{E98FA2BC-1581-49C2-8AD5-B5163BF217BF}.Debug|Any CPU.Build.0 = Debug|Any CPU
		{E98FA2BC-1581-49C2-8AD5-B5163BF217BF}.Release|Any CPU.ActiveCfg = Release|Any CPU
		{E98FA2BC-1581-49C2-8AD5-B5163BF217BF}.Release|Any CPU.Build.0 = Release|Any CPU
		{4454DA21-000A-43F9-8BEB-2DE3550441B1}.Debug|Any CPU.ActiveCfg = Debug|Any CPU
		{4454DA21-000A-43F9-8BEB-2DE3550441B1}.Debug|Any CPU.Build.0 = Debug|Any CPU
		{4454DA21-000A-43F9-8BEB-2DE3550441B1}.Release|Any CPU.ActiveCfg = Release|Any CPU
		{4454DA21-000A-43F9-8BEB-2DE3550441B1}.Release|Any CPU.Build.0 = Release|Any CPU
		{4F6C14AD-0C08-41CD-9000-98D362FFFD23}.Debug|Any CPU.ActiveCfg = Debug|Any CPU
		{4F6C14AD-0C08-41CD-9000-98D362FFFD23}.Debug|Any CPU.Build.0 = Debug|Any CPU
		{4F6C14AD-0C08-41CD-9000-98D362FFFD23}.Release|Any CPU.ActiveCfg = Release|Any CPU
		{4F6C14AD-0C08-41CD-9000-98D362FFFD23}.Release|Any CPU.Build.0 = Release|Any CPU
		{6BFE18D9-4634-4DC6-B3DF-6FCEEAF27BA6}.Debug|Any CPU.ActiveCfg = Debug|Any CPU
		{6BFE18D9-4634-4DC6-B3DF-6FCEEAF27BA6}.Debug|Any CPU.Build.0 = Debug|Any CPU
		{6BFE18D9-4634-4DC6-B3DF-6FCEEAF27BA6}.Release|Any CPU.ActiveCfg = Release|Any CPU
		{6BFE18D9-4634-4DC6-B3DF-6FCEEAF27BA6}.Release|Any CPU.Build.0 = Release|Any CPU
		{7F75E0CE-570B-42C1-B72F-A63C31F01ADA}.Debug|Any CPU.ActiveCfg = Debug|Any CPU
		{7F75E0CE-570B-42C1-B72F-A63C31F01ADA}.Debug|Any CPU.Build.0 = Debug|Any CPU
		{7F75E0CE-570B-42C1-B72F-A63C31F01ADA}.Release|Any CPU.ActiveCfg = Release|Any CPU
		{7F75E0CE-570B-42C1-B72F-A63C31F01ADA}.Release|Any CPU.Build.0 = Release|Any CPU
		{0C0AD7B4-BC1C-4DF3-81C0-9B5C9DB016E2}.Debug|Any CPU.ActiveCfg = Debug|Any CPU
		{0C0AD7B4-BC1C-4DF3-81C0-9B5C9DB016E2}.Debug|Any CPU.Build.0 = Debug|Any CPU
		{0C0AD7B4-BC1C-4DF3-81C0-9B5C9DB016E2}.Release|Any CPU.ActiveCfg = Release|Any CPU
		{0C0AD7B4-BC1C-4DF3-81C0-9B5C9DB016E2}.Release|Any CPU.Build.0 = Release|Any CPU
		{5FF9F084-8EF3-46B2-AD20-7F0C7309476D}.Debug|Any CPU.ActiveCfg = Debug|Any CPU
		{5FF9F084-8EF3-46B2-AD20-7F0C7309476D}.Debug|Any CPU.Build.0 = Debug|Any CPU
		{5FF9F084-8EF3-46B2-AD20-7F0C7309476D}.Release|Any CPU.ActiveCfg = Release|Any CPU
		{5FF9F084-8EF3-46B2-AD20-7F0C7309476D}.Release|Any CPU.Build.0 = Release|Any CPU
		{06A281BC-0FB6-4551-A4B6-1DB100EE9780}.Debug|Any CPU.ActiveCfg = Debug|Any CPU
		{06A281BC-0FB6-4551-A4B6-1DB100EE9780}.Debug|Any CPU.Build.0 = Debug|Any CPU
		{06A281BC-0FB6-4551-A4B6-1DB100EE9780}.Release|Any CPU.ActiveCfg = Release|Any CPU
		{06A281BC-0FB6-4551-A4B6-1DB100EE9780}.Release|Any CPU.Build.0 = Release|Any CPU
		{14AF42A2-0A56-40D8-A45E-8BC5A1181FC8}.Debug|Any CPU.ActiveCfg = Debug|Any CPU
		{14AF42A2-0A56-40D8-A45E-8BC5A1181FC8}.Debug|Any CPU.Build.0 = Debug|Any CPU
		{14AF42A2-0A56-40D8-A45E-8BC5A1181FC8}.Release|Any CPU.ActiveCfg = Release|Any CPU
		{14AF42A2-0A56-40D8-A45E-8BC5A1181FC8}.Release|Any CPU.Build.0 = Release|Any CPU
		{1C0B320F-EB87-42B3-8CA3-FB55755D3CFA}.Debug|Any CPU.ActiveCfg = Debug|Any CPU
		{1C0B320F-EB87-42B3-8CA3-FB55755D3CFA}.Debug|Any CPU.Build.0 = Debug|Any CPU
		{1C0B320F-EB87-42B3-8CA3-FB55755D3CFA}.Release|Any CPU.ActiveCfg = Release|Any CPU
		{1C0B320F-EB87-42B3-8CA3-FB55755D3CFA}.Release|Any CPU.Build.0 = Release|Any CPU
		{640E065B-A05F-4DAD-ADD7-84DE96C25367}.Debug|Any CPU.ActiveCfg = Debug|Any CPU
		{640E065B-A05F-4DAD-ADD7-84DE96C25367}.Debug|Any CPU.Build.0 = Debug|Any CPU
		{640E065B-A05F-4DAD-ADD7-84DE96C25367}.Release|Any CPU.ActiveCfg = Release|Any CPU
		{640E065B-A05F-4DAD-ADD7-84DE96C25367}.Release|Any CPU.Build.0 = Release|Any CPU
		{95FC9D25-C607-4286-92C4-D89888A35419}.Debug|Any CPU.ActiveCfg = Debug|Any CPU
		{95FC9D25-C607-4286-92C4-D89888A35419}.Debug|Any CPU.Build.0 = Debug|Any CPU
		{95FC9D25-C607-4286-92C4-D89888A35419}.Release|Any CPU.ActiveCfg = Release|Any CPU
		{95FC9D25-C607-4286-92C4-D89888A35419}.Release|Any CPU.Build.0 = Release|Any CPU
		{5D926834-EB34-4727-9920-A98B6B6344D1}.Debug|Any CPU.ActiveCfg = Debug|Any CPU
		{5D926834-EB34-4727-9920-A98B6B6344D1}.Debug|Any CPU.Build.0 = Debug|Any CPU
		{5D926834-EB34-4727-9920-A98B6B6344D1}.Release|Any CPU.ActiveCfg = Release|Any CPU
		{5D926834-EB34-4727-9920-A98B6B6344D1}.Release|Any CPU.Build.0 = Release|Any CPU
		{BC3943A0-493D-4F07-923F-312A1D4F7FF4}.Debug|Any CPU.ActiveCfg = Debug|Any CPU
		{BC3943A0-493D-4F07-923F-312A1D4F7FF4}.Debug|Any CPU.Build.0 = Debug|Any CPU
		{BC3943A0-493D-4F07-923F-312A1D4F7FF4}.Release|Any CPU.ActiveCfg = Release|Any CPU
		{BC3943A0-493D-4F07-923F-312A1D4F7FF4}.Release|Any CPU.Build.0 = Release|Any CPU
	EndGlobalSection
	GlobalSection(SolutionProperties) = preSolution
		HideSolutionNode = FALSE
	EndGlobalSection
	GlobalSection(NestedProjects) = preSolution
		{3EE32F25-0859-46E6-82D6-ACD0BE9F58F2} = {9D88B430-517C-4174-833E-4C1FAF6A5665}
		{3364BA3D-8AFB-4D4D-B165-68C367B589F5} = {9D88B430-517C-4174-833E-4C1FAF6A5665}
		{E4ACA3C0-B8D4-40C4-A432-189738AE19EF} = {9D88B430-517C-4174-833E-4C1FAF6A5665}
		{8A416138-8199-45E2-86CE-0E14CE37A62F} = {9D88B430-517C-4174-833E-4C1FAF6A5665}
		{4E947375-CC0D-4117-B71F-B5EC1613C7A4} = {9D88B430-517C-4174-833E-4C1FAF6A5665}
		{0682E7CA-C744-4EE4-8BAD-CD809969D7EB} = {9D88B430-517C-4174-833E-4C1FAF6A5665}
		{64D4BD43-3AA2-4564-89B2-B37BDE9B9291} = {9D88B430-517C-4174-833E-4C1FAF6A5665}
		{E98FA2BC-1581-49C2-8AD5-B5163BF217BF} = {9D88B430-517C-4174-833E-4C1FAF6A5665}
		{4454DA21-000A-43F9-8BEB-2DE3550441B1} = {9D88B430-517C-4174-833E-4C1FAF6A5665}
		{4F6C14AD-0C08-41CD-9000-98D362FFFD23} = {9D88B430-517C-4174-833E-4C1FAF6A5665}
		{422C4079-0FAF-496B-95B1-DA2E90AABB3F} = {5F6BACEA-2C97-4848-A058-CF2F9BBDCD04}
		{D0242E41-900C-41F8-8569-934F6EF178EE} = {5F6BACEA-2C97-4848-A058-CF2F9BBDCD04}
		{53629A95-0C15-4591-913B-17769BC2CC69} = {5F6BACEA-2C97-4848-A058-CF2F9BBDCD04}
		{4651D293-2F70-4508-B588-91BF750AB9FF} = {422C4079-0FAF-496B-95B1-DA2E90AABB3F}
		{D1C4CA29-163D-4DAA-8173-5B073C91075B} = {422C4079-0FAF-496B-95B1-DA2E90AABB3F}
		{AD5F9BB9-D0B2-4D1F-8171-9600B8BEACC1} = {422C4079-0FAF-496B-95B1-DA2E90AABB3F}
		{094C631A-3046-44A3-A46C-E6E72E8CDD76} = {D0242E41-900C-41F8-8569-934F6EF178EE}
		{62DE3921-AD13-43F8-85AF-1521B9C53348} = {D0242E41-900C-41F8-8569-934F6EF178EE}
		{01A255FB-D020-4076-ACC9-12E98E1B5B78} = {D0242E41-900C-41F8-8569-934F6EF178EE}
		{6BFE18D9-4634-4DC6-B3DF-6FCEEAF27BA6} = {4651D293-2F70-4508-B588-91BF750AB9FF}
		{7F75E0CE-570B-42C1-B72F-A63C31F01ADA} = {D1C4CA29-163D-4DAA-8173-5B073C91075B}
		{0C0AD7B4-BC1C-4DF3-81C0-9B5C9DB016E2} = {AD5F9BB9-D0B2-4D1F-8171-9600B8BEACC1}
		{5FF9F084-8EF3-46B2-AD20-7F0C7309476D} = {AD5F9BB9-D0B2-4D1F-8171-9600B8BEACC1}
		{06A281BC-0FB6-4551-A4B6-1DB100EE9780} = {62DE3921-AD13-43F8-85AF-1521B9C53348}
		{14AF42A2-0A56-40D8-A45E-8BC5A1181FC8} = {01A255FB-D020-4076-ACC9-12E98E1B5B78}
		{1C0B320F-EB87-42B3-8CA3-FB55755D3CFA} = {094C631A-3046-44A3-A46C-E6E72E8CDD76}
		{640E065B-A05F-4DAD-ADD7-84DE96C25367} = {094C631A-3046-44A3-A46C-E6E72E8CDD76}
		{95FC9D25-C607-4286-92C4-D89888A35419} = {094C631A-3046-44A3-A46C-E6E72E8CDD76}
		{5D926834-EB34-4727-9920-A98B6B6344D1} = {53629A95-0C15-4591-913B-17769BC2CC69}
		{BC3943A0-493D-4F07-923F-312A1D4F7FF4} = {AD5F9BB9-D0B2-4D1F-8171-9600B8BEACC1}
	EndGlobalSection
	GlobalSection(ExtensibilityGlobals) = postSolution
		SolutionGuid = {0C0075BC-5623-4433-B9EF-E2366BDA46EF}
	EndGlobalSection
EndGlobal
